
Microsoft Visual Studio Solution File, Format Version 12.00
# Visual Studio Version 16
VisualStudioVersion = 16.0.30114.105
MinimumVisualStudioVersion = 10.0.40219.1
Project("{FAE04EC0-301F-11D3-BF4B-00C04F79EFBC}") = "SmartSchool.webAPI", "SmartSchool.webAPI\SmartSchool.webAPI.csproj", "{003D7646-FD3A-4F47-8D15-56E94A8AAEFF}"
EndProject
Global
	GlobalSection(SolutionConfigurationPlatforms) = preSolution
		Debug|Any CPU = Debug|Any CPU
		Release|Any CPU = Release|Any CPU
	EndGlobalSection
	GlobalSection(SolutionProperties) = preSolution
		HideSolutionNode = FALSE
	EndGlobalSection
	GlobalSection(ProjectConfigurationPlatforms) = postSolution
		{003D7646-FD3A-4F47-8D15-56E94A8AAEFF}.Debug|Any CPU.ActiveCfg = Debug|Any CPU
		{003D7646-FD3A-4F47-8D15-56E94A8AAEFF}.Debug|Any CPU.Build.0 = Debug|Any CPU
		{003D7646-FD3A-4F47-8D15-56E94A8AAEFF}.Release|Any CPU.ActiveCfg = Release|Any CPU
		{003D7646-FD3A-4F47-8D15-56E94A8AAEFF}.Release|Any CPU.Build.0 = Release|Any CPU
	EndGlobalSection
EndGlobal
